
Microsoft Visual Studio Solution File, Format Version 12.00
# Visual Studio Version 16
VisualStudioVersion = 16.0.32228.343
MinimumVisualStudioVersion = 10.0.40219.1
Project("{FAE04EC0-301F-11D3-BF4B-00C04F79EFBC}") = "FinalProject.API", "FinalProject.API\FinalProject.API.csproj", "{3093A27D-21A7-4658-995C-E288C77902EF}"
EndProject
Project("{FAE04EC0-301F-11D3-BF4B-00C04F79EFBC}") = "FinalProject.infra", "FinalProject.infra\FinalProject.infra.csproj", "{67F14944-7C88-4030-852D-7CA9DBBE5C11}"
EndProject
Project("{FAE04EC0-301F-11D3-BF4B-00C04F79EFBC}") = "FinalProject.core", "FinalProject.core\FinalProject.core.csproj", "{DE9D72A5-068A-411E-8B3B-D6269279960C}"
EndProject
Global
	GlobalSection(SolutionConfigurationPlatforms) = preSolution
		Debug|Any CPU = Debug|Any CPU
		Release|Any CPU = Release|Any CPU
	EndGlobalSection
	GlobalSection(ProjectConfigurationPlatforms) = postSolution
		{3093A27D-21A7-4658-995C-E288C77902EF}.Debug|Any CPU.ActiveCfg = Debug|Any CPU
		{3093A27D-21A7-4658-995C-E288C77902EF}.Debug|Any CPU.Build.0 = Debug|Any CPU
		{3093A27D-21A7-4658-995C-E288C77902EF}.Release|Any CPU.ActiveCfg = Release|Any CPU
		{3093A27D-21A7-4658-995C-E288C77902EF}.Release|Any CPU.Build.0 = Release|Any CPU
		{67F14944-7C88-4030-852D-7CA9DBBE5C11}.Debug|Any CPU.ActiveCfg = Debug|Any CPU
		{67F14944-7C88-4030-852D-7CA9DBBE5C11}.Debug|Any CPU.Build.0 = Debug|Any CPU
		{67F14944-7C88-4030-852D-7CA9DBBE5C11}.Release|Any CPU.ActiveCfg = Release|Any CPU
		{67F14944-7C88-4030-852D-7CA9DBBE5C11}.Release|Any CPU.Build.0 = Release|Any CPU
		{DE9D72A5-068A-411E-8B3B-D6269279960C}.Debug|Any CPU.ActiveCfg = Debug|Any CPU
		{DE9D72A5-068A-411E-8B3B-D6269279960C}.Debug|Any CPU.Build.0 = Debug|Any CPU
		{DE9D72A5-068A-411E-8B3B-D6269279960C}.Release|Any CPU.ActiveCfg = Release|Any CPU
		{DE9D72A5-068A-411E-8B3B-D6269279960C}.Release|Any CPU.Build.0 = Release|Any CPU
	EndGlobalSection
	GlobalSection(SolutionProperties) = preSolution
		HideSolutionNode = FALSE
	EndGlobalSection
	GlobalSection(ExtensibilityGlobals) = postSolution
		SolutionGuid = {830B5000-C71C-49A5-B49F-D1952981BA65}
	EndGlobalSection
EndGlobal
